
Microsoft Visual Studio Solution File, Format Version 11.00
# Visual Studio 2010
Project("{FAE04EC0-301F-11D3-BF4B-00C04F79EFBC}") = "LearningRegistry", "LearningRegistry.csproj", "{CA7D59DE-9118-4922-A30E-E022FC5EFD32}"
EndProject
Global
	GlobalSection(SolutionConfigurationPlatforms) = preSolution
		Debug|Any CPU = Debug|Any CPU
		Debug|Mixed Platforms = Debug|Mixed Platforms
		Debug|x86 = Debug|x86
		Default|Any CPU = Default|Any CPU
		Default|Mixed Platforms = Default|Mixed Platforms
		Default|x86 = Default|x86
		Release|Any CPU = Release|Any CPU
		Release|Mixed Platforms = Release|Mixed Platforms
		Release|x86 = Release|x86
	EndGlobalSection
	GlobalSection(ProjectConfigurationPlatforms) = postSolution
		{CA7D59DE-9118-4922-A30E-E022FC5EFD32}.Debug|Any CPU.ActiveCfg = Debug|Any CPU
		{CA7D59DE-9118-4922-A30E-E022FC5EFD32}.Debug|Any CPU.Build.0 = Debug|Any CPU
		{CA7D59DE-9118-4922-A30E-E022FC5EFD32}.Debug|Mixed Platforms.ActiveCfg = Debug|Any CPU
		{CA7D59DE-9118-4922-A30E-E022FC5EFD32}.Debug|Mixed Platforms.Build.0 = Debug|Any CPU
		{CA7D59DE-9118-4922-A30E-E022FC5EFD32}.Debug|x86.ActiveCfg = Debug|Any CPU
		{CA7D59DE-9118-4922-A30E-E022FC5EFD32}.Default|Any CPU.ActiveCfg = Debug|Any CPU
		{CA7D59DE-9118-4922-A30E-E022FC5EFD32}.Default|Mixed Platforms.ActiveCfg = Debug|Any CPU
		{CA7D59DE-9118-4922-A30E-E022FC5EFD32}.Default|x86.ActiveCfg = Debug|Any CPU
		{CA7D59DE-9118-4922-A30E-E022FC5EFD32}.Release|Any CPU.ActiveCfg = Release|Any CPU
		{CA7D59DE-9118-4922-A30E-E022FC5EFD32}.Release|Any CPU.Build.0 = Release|Any CPU
		{CA7D59DE-9118-4922-A30E-E022FC5EFD32}.Release|Mixed Platforms.ActiveCfg = Release|Any CPU
		{CA7D59DE-9118-4922-A30E-E022FC5EFD32}.Release|Mixed Platforms.Build.0 = Release|Any CPU
		{CA7D59DE-9118-4922-A30E-E022FC5EFD32}.Release|x86.ActiveCfg = Release|Any CPU
		{CA7D59DE-9118-4922-A30E-E022FC5EFD32}.Release|x86.Build.0 = Release|Any CPU
	EndGlobalSection
	GlobalSection(SolutionProperties) = preSolution
		HideSolutionNode = FALSE
	EndGlobalSection
	GlobalSection(MonoDevelopProperties) = preSolution
		StartupItem = PublishGUI\PublishGUI.csproj
	EndGlobalSection
EndGlobal
